
Microsoft Visual Studio Solution File, Format Version 12.00
# Visual Studio Version 16
VisualStudioVersion = 16.0.32002.261
MinimumVisualStudioVersion = 10.0.40219.1
Project("{FAE04EC0-301F-11D3-BF4B-00C04F79EFBC}") = "Ex_17", "Ex_17\Ex_17.csproj", "{2C88F244-A0D4-419F-92D1-A206B13BEBE4}"
EndProject
Global
	GlobalSection(SolutionConfigurationPlatforms) = preSolution
		Debug|Any CPU = Debug|Any CPU
		Release|Any CPU = Release|Any CPU
	EndGlobalSection
	GlobalSection(ProjectConfigurationPlatforms) = postSolution
		{2C88F244-A0D4-419F-92D1-A206B13BEBE4}.Debug|Any CPU.ActiveCfg = Debug|Any CPU
		{2C88F244-A0D4-419F-92D1-A206B13BEBE4}.Debug|Any CPU.Build.0 = Debug|Any CPU
		{2C88F244-A0D4-419F-92D1-A206B13BEBE4}.Release|Any CPU.ActiveCfg = Release|Any CPU
		{2C88F244-A0D4-419F-92D1-A206B13BEBE4}.Release|Any CPU.Build.0 = Release|Any CPU
	EndGlobalSection
	GlobalSection(SolutionProperties) = preSolution
		HideSolutionNode = FALSE
	EndGlobalSection
	GlobalSection(ExtensibilityGlobals) = postSolution
		SolutionGuid = {559E38A1-F1AA-40CD-B176-C66408621916}
	EndGlobalSection
EndGlobal
